// !$*UTF8*$!
{
	archiveVersion = 1;
	classes = {
	};
	objectVersion = 56;
	objects = {

/* Begin PBXBuildFile section */
		A9FA3ABC2A3C9E560076D776 /* EstfhamApp.swift in Sources */ = {isa = PBXBuildFile; fileRef = A9FA3ABB2A3C9E560076D776 /* EstfhamApp.swift */; };
		A9FA3AC02A3C9E570076D776 /* Assets.xcassets in Resources */ = {isa = PBXBuildFile; fileRef = A9FA3ABF2A3C9E570076D776 /* Assets.xcassets */; };
		A9FA3AC32A3C9E570076D776 /* Preview Assets.xcassets in Resources */ = {isa = PBXBuildFile; fileRef = A9FA3AC22A3C9E570076D776 /* Preview Assets.xcassets */; };
		A9FA3ACB2A3C9E800076D776 /* GoogleSignIn in Frameworks */ = {isa = PBXBuildFile; productRef = A9FA3ACA2A3C9E800076D776 /* GoogleSignIn */; };
		A9FA3ACD2A3C9E800076D776 /* GoogleSignInSwift in Frameworks */ = {isa = PBXBuildFile; productRef = A9FA3ACC2A3C9E800076D776 /* GoogleSignInSwift */; };
		A9FA3AD02A3C9EBF0076D776 /* FirebaseAnalytics in Frameworks */ = {isa = PBXBuildFile; productRef = A9FA3ACF2A3C9EBF0076D776 /* FirebaseAnalytics */; };
		A9FA3AD22A3C9EBF0076D776 /* FirebaseAuth in Frameworks */ = {isa = PBXBuildFile; productRef = A9FA3AD12A3C9EBF0076D776 /* FirebaseAuth */; };
		A9FA3AD42A3C9EBF0076D776 /* FirebaseFirestore in Frameworks */ = {isa = PBXBuildFile; productRef = A9FA3AD32A3C9EBF0076D776 /* FirebaseFirestore */; };
		A9FA3AD62A3C9EBF0076D776 /* FirebaseFirestoreCombine-Community in Frameworks */ = {isa = PBXBuildFile; productRef = A9FA3AD52A3C9EBF0076D776 /* FirebaseFirestoreCombine-Community */; };
		A9FA3AD82A3C9EBF0076D776 /* FirebaseFirestoreSwift in Frameworks */ = {isa = PBXBuildFile; productRef = A9FA3AD72A3C9EBF0076D776 /* FirebaseFirestoreSwift */; };
		A9FA3ADA2A3D62FF0076D776 /* GoogleService-Info.plist in Resources */ = {isa = PBXBuildFile; fileRef = A9FA3AD92A3D62FF0076D776 /* GoogleService-Info.plist */; };
		A9FA3AEC2A3E6A8A0076D776 /* FirestoreManager.swift in Sources */ = {isa = PBXBuildFile; fileRef = A9FA3AEB2A3E6A8A0076D776 /* FirestoreManager.swift */; };
		A9FA3AF42A3E85470076D776 /* Applicaiton_utility.swift in Sources */ = {isa = PBXBuildFile; fileRef = A9FA3AF32A3E85470076D776 /* Applicaiton_utility.swift */; };
		A9FA3AF62A3E85740076D776 /* GoogleAuthViewModel.swift in Sources */ = {isa = PBXBuildFile; fileRef = A9FA3AF52A3E85740076D776 /* GoogleAuthViewModel.swift */; };
		A9FA3AFB2A3ECB720076D776 /* Models.swift in Sources */ = {isa = PBXBuildFile; fileRef = A9FA3AFA2A3ECB720076D776 /* Models.swift */; };
		A9FA3AFD2A3ECBBB0076D776 /* ContentView.swift in Sources */ = {isa = PBXBuildFile; fileRef = A9FA3AFC2A3ECBBB0076D776 /* ContentView.swift */; };
		A9FA3B182A4054010076D776 /* SplashView.swift in Sources */ = {isa = PBXBuildFile; fileRef = A9FA3B172A4054010076D776 /* SplashView.swift */; };
		A9FA3B1B2A405C1A0076D776 /* Lottie in Frameworks */ = {isa = PBXBuildFile; productRef = A9FA3B1A2A405C1A0076D776 /* Lottie */; };
		A9FA3B1E2A405CC80076D776 /* Colors.swift in Sources */ = {isa = PBXBuildFile; fileRef = A9FA3B1D2A405CC80076D776 /* Colors.swift */; };
		A9FA3B202A405E320076D776 /* LottieView.swift in Sources */ = {isa = PBXBuildFile; fileRef = A9FA3B1F2A405E320076D776 /* LottieView.swift */; };
		A9FA3B232A405EED0076D776 /* quiz.json in Resources */ = {isa = PBXBuildFile; fileRef = A9FA3B222A405EED0076D776 /* quiz.json */; };
		A9FA3B252A405F360076D776 /* Constants.swift in Sources */ = {isa = PBXBuildFile; fileRef = A9FA3B242A405F360076D776 /* Constants.swift */; };
		A9FA3B272A406C130076D776 /* OnBoardingModel.swift in Sources */ = {isa = PBXBuildFile; fileRef = A9FA3B262A406C130076D776 /* OnBoardingModel.swift */; };
		A9FA3B292A4073BB0076D776 /* OnBoardingView.swift in Sources */ = {isa = PBXBuildFile; fileRef = A9FA3B282A4073BB0076D776 /* OnBoardingView.swift */; };
		A9FA3B2B2A407E480076D776 /* share.json in Resources */ = {isa = PBXBuildFile; fileRef = A9FA3B2A2A407E480076D776 /* share.json */; };
		A9FA3B2D2A407E4E0076D776 /* girl.json in Resources */ = {isa = PBXBuildFile; fileRef = A9FA3B2C2A407E4E0076D776 /* girl.json */; };
		A9FA3B362A411D990076D776 /* responsive.json in Resources */ = {isa = PBXBuildFile; fileRef = A9FA3B352A411D990076D776 /* responsive.json */; };
		A9FA3B3A2A4164A00076D776 /* OnBoardingViewModel.swift in Sources */ = {isa = PBXBuildFile; fileRef = A9FA3B392A4164A00076D776 /* OnBoardingViewModel.swift */; };
		A9FA3B3C2A418B560076D776 /* CreateQuizView.swift in Sources */ = {isa = PBXBuildFile; fileRef = A9FA3B3B2A418B560076D776 /* CreateQuizView.swift */; };
		A9FA3B3E2A418D8B0076D776 /* MyQuizzesView.swift in Sources */ = {isa = PBXBuildFile; fileRef = A9FA3B3D2A418D8B0076D776 /* MyQuizzesView.swift */; };
		A9FA3B402A418D9E0076D776 /* JoinQuizView.swift in Sources */ = {isa = PBXBuildFile; fileRef = A9FA3B3F2A418D9E0076D776 /* JoinQuizView.swift */; };
		A9FA3B422A418DE80076D776 /* QuizView.swift in Sources */ = {isa = PBXBuildFile; fileRef = A9FA3B412A418DE80076D776 /* QuizView.swift */; };
		A9FA3B442A419B630076D776 /* QuizDetailView.swift in Sources */ = {isa = PBXBuildFile; fileRef = A9FA3B432A419B630076D776 /* QuizDetailView.swift */; };
		A9FA3B462A42B7D00076D776 /* online.json in Resources */ = {isa = PBXBuildFile; fileRef = A9FA3B452A42B7D00076D776 /* online.json */; };
		A9FA3B4B2A4356A20076D776 /* PopupView in Frameworks */ = {isa = PBXBuildFile; productRef = A9FA3B4A2A4356A20076D776 /* PopupView */; };
		A9FA3B4D2A43A93E0076D776 /* QuizDetailViewModel.swift in Sources */ = {isa = PBXBuildFile; fileRef = A9FA3B4C2A43A93E0076D776 /* QuizDetailViewModel.swift */; };
		A9FA3B4F2A43C6120076D776 /* ContentViewModel.swift in Sources */ = {isa = PBXBuildFile; fileRef = A9FA3B4E2A43C6120076D776 /* ContentViewModel.swift */; };
		A9FA3B532A43CCDB0076D776 /* home.json in Resources */ = {isa = PBXBuildFile; fileRef = A9FA3B522A43CCDB0076D776 /* home.json */; };
/* End PBXBuildFile section */

/* Begin PBXFileReference section */
		A9FA3AB82A3C9E560076D776 /* Estfham.app */ = {isa = PBXFileReference; explicitFileType = wrapper.application; includeInIndex = 0; path = Estfham.app; sourceTree = BUILT_PRODUCTS_DIR; };
		A9FA3ABB2A3C9E560076D776 /* EstfhamApp.swift */ = {isa = PBXFileReference; lastKnownFileType = sourcecode.swift; path = EstfhamApp.swift; sourceTree = "<group>"; };
		A9FA3ABF2A3C9E570076D776 /* Assets.xcassets */ = {isa = PBXFileReference; lastKnownFileType = folder.assetcatalog; path = Assets.xcassets; sourceTree = "<group>"; };
		A9FA3AC22A3C9E570076D776 /* Preview Assets.xcassets */ = {isa = PBXFileReference; lastKnownFileType = folder.assetcatalog; path = "Preview Assets.xcassets"; sourceTree = "<group>"; };
		A9FA3AD92A3D62FF0076D776 /* GoogleService-Info.plist */ = {isa = PBXFileReference; fileEncoding = 4; lastKnownFileType = text.plist.xml; path = "GoogleService-Info.plist"; sourceTree = "<group>"; };
		A9FA3AEB2A3E6A8A0076D776 /* FirestoreManager.swift */ = {isa = PBXFileReference; lastKnownFileType = sourcecode.swift; path = FirestoreManager.swift; sourceTree = "<group>"; };
		A9FA3AF32A3E85470076D776 /* Applicaiton_utility.swift */ = {isa = PBXFileReference; lastKnownFileType = sourcecode.swift; path = Applicaiton_utility.swift; sourceTree = "<group>"; };
		A9FA3AF52A3E85740076D776 /* GoogleAuthViewModel.swift */ = {isa = PBXFileReference; lastKnownFileType = sourcecode.swift; path = GoogleAuthViewModel.swift; sourceTree = "<group>"; };
		A9FA3AF72A3E85B40076D776 /* Info.plist */ = {isa = PBXFileReference; lastKnownFileType = text.plist; path = Info.plist; sourceTree = "<group>"; };
		A9FA3AFA2A3ECB720076D776 /* Models.swift */ = {isa = PBXFileReference; lastKnownFileType = sourcecode.swift; path = Models.swift; sourceTree = "<group>"; };
		A9FA3AFC2A3ECBBB0076D776 /* ContentView.swift */ = {isa = PBXFileReference; lastKnownFileType = sourcecode.swift; path = ContentView.swift; sourceTree = "<group>"; };
		A9FA3B172A4054010076D776 /* SplashView.swift */ = {isa = PBXFileReference; lastKnownFileType = sourcecode.swift; path = SplashView.swift; sourceTree = "<group>"; };
		A9FA3B1D2A405CC80076D776 /* Colors.swift */ = {isa = PBXFileReference; lastKnownFileType = sourcecode.swift; path = Colors.swift; sourceTree = "<group>"; };
		A9FA3B1F2A405E320076D776 /* LottieView.swift */ = {isa = PBXFileReference; lastKnownFileType = sourcecode.swift; path = LottieView.swift; sourceTree = "<group>"; };
		A9FA3B222A405EED0076D776 /* quiz.json */ = {isa = PBXFileReference; fileEncoding = 4; lastKnownFileType = text.json; path = quiz.json; sourceTree = "<group>"; };
		A9FA3B242A405F360076D776 /* Constants.swift */ = {isa = PBXFileReference; lastKnownFileType = sourcecode.swift; path = Constants.swift; sourceTree = "<group>"; };
		A9FA3B262A406C130076D776 /* OnBoardingModel.swift */ = {isa = PBXFileReference; lastKnownFileType = sourcecode.swift; path = OnBoardingModel.swift; sourceTree = "<group>"; };
		A9FA3B282A4073BB0076D776 /* OnBoardingView.swift */ = {isa = PBXFileReference; lastKnownFileType = sourcecode.swift; path = OnBoardingView.swift; sourceTree = "<group>"; };
		A9FA3B2A2A407E480076D776 /* share.json */ = {isa = PBXFileReference; fileEncoding = 4; lastKnownFileType = text.json; path = share.json; sourceTree = "<group>"; };
		A9FA3B2C2A407E4E0076D776 /* girl.json */ = {isa = PBXFileReference; fileEncoding = 4; lastKnownFileType = text.json; path = girl.json; sourceTree = "<group>"; };
		A9FA3B352A411D990076D776 /* responsive.json */ = {isa = PBXFileReference; fileEncoding = 4; lastKnownFileType = text.json; path = responsive.json; sourceTree = "<group>"; };
		A9FA3B392A4164A00076D776 /* OnBoardingViewModel.swift */ = {isa = PBXFileReference; lastKnownFileType = sourcecode.swift; path = OnBoardingViewModel.swift; sourceTree = "<group>"; };
		A9FA3B3B2A418B560076D776 /* CreateQuizView.swift */ = {isa = PBXFileReference; lastKnownFileType = sourcecode.swift; path = CreateQuizView.swift; sourceTree = "<group>"; };
		A9FA3B3D2A418D8B0076D776 /* MyQuizzesView.swift */ = {isa = PBXFileReference; lastKnownFileType = sourcecode.swift; path = MyQuizzesView.swift; sourceTree = "<group>"; };
		A9FA3B3F2A418D9E0076D776 /* JoinQuizView.swift */ = {isa = PBXFileReference; lastKnownFileType = sourcecode.swift; path = JoinQuizView.swift; sourceTree = "<group>"; };
		A9FA3B412A418DE80076D776 /* QuizView.swift */ = {isa = PBXFileReference; lastKnownFileType = sourcecode.swift; path = QuizView.swift; sourceTree = "<group>"; };
		A9FA3B432A419B630076D776 /* QuizDetailView.swift */ = {isa = PBXFileReference; lastKnownFileType = sourcecode.swift; path = QuizDetailView.swift; sourceTree = "<group>"; };
		A9FA3B452A42B7D00076D776 /* online.json */ = {isa = PBXFileReference; fileEncoding = 4; lastKnownFileType = text.json; path = online.json; sourceTree = "<group>"; };
		A9FA3B4C2A43A93E0076D776 /* QuizDetailViewModel.swift */ = {isa = PBXFileReference; lastKnownFileType = sourcecode.swift; path = QuizDetailViewModel.swift; sourceTree = "<group>"; };
		A9FA3B4E2A43C6120076D776 /* ContentViewModel.swift */ = {isa = PBXFileReference; lastKnownFileType = sourcecode.swift; path = ContentViewModel.swift; sourceTree = "<group>"; };
		A9FA3B522A43CCDB0076D776 /* home.json */ = {isa = PBXFileReference; fileEncoding = 4; lastKnownFileType = text.json; path = home.json; sourceTree = "<group>"; };
/* End PBXFileReference section */

/* Begin PBXFrameworksBuildPhase section */
		A9FA3AB52A3C9E560076D776 /* Frameworks */ = {
			isa = PBXFrameworksBuildPhase;
			buildActionMask = 2147483647;
			files = (
				A9FA3ACB2A3C9E800076D776 /* GoogleSignIn in Frameworks */,
				A9FA3ACD2A3C9E800076D776 /* GoogleSignInSwift in Frameworks */,
				A9FA3AD02A3C9EBF0076D776 /* FirebaseAnalytics in Frameworks */,
				A9FA3B4B2A4356A20076D776 /* PopupView in Frameworks */,
				A9FA3AD82A3C9EBF0076D776 /* FirebaseFirestoreSwift in Frameworks */,
				A9FA3AD62A3C9EBF0076D776 /* FirebaseFirestoreCombine-Community in Frameworks */,
				A9FA3AD42A3C9EBF0076D776 /* FirebaseFirestore in Frameworks */,
				A9FA3AD22A3C9EBF0076D776 /* FirebaseAuth in Frameworks */,
				A9FA3B1B2A405C1A0076D776 /* Lottie in Frameworks */,
			);
			runOnlyForDeploymentPostprocessing = 0;
		};
/* End PBXFrameworksBuildPhase section */

/* Begin PBXGroup section */
		A9FA3AAF2A3C9E560076D776 = {
			isa = PBXGroup;
			children = (
				A9FA3ABA2A3C9E560076D776 /* Estfham */,
				A9FA3AB92A3C9E560076D776 /* Products */,
			);
			sourceTree = "<group>";
		};
		A9FA3AB92A3C9E560076D776 /* Products */ = {
			isa = PBXGroup;
			children = (
				A9FA3AB82A3C9E560076D776 /* Estfham.app */,
			);
			name = Products;
			sourceTree = "<group>";
		};
		A9FA3ABA2A3C9E560076D776 /* Estfham */ = {
			isa = PBXGroup;
			children = (
				A9FA3AF72A3E85B40076D776 /* Info.plist */,
				A9FA3AE42A3E69DB0076D776 /* Manager */,
				A9FA3ADD2A3E68F50076D776 /* Views */,
				A9FA3ADC2A3E68E90076D776 /* ViewModels */,
				A9FA3ADB2A3E68DA0076D776 /* Models */,
				A9FA3ABB2A3C9E560076D776 /* EstfhamApp.swift */,
				A9FA3AD92A3D62FF0076D776 /* GoogleService-Info.plist */,
				A9FA3ABF2A3C9E570076D776 /* Assets.xcassets */,
				A9FA3AC12A3C9E570076D776 /* Preview Content */,
			);
			path = Estfham;
			sourceTree = "<group>";
		};
		A9FA3AC12A3C9E570076D776 /* Preview Content */ = {
			isa = PBXGroup;
			children = (
				A9FA3AC22A3C9E570076D776 /* Preview Assets.xcassets */,
			);
			path = "Preview Content";
			sourceTree = "<group>";
		};
		A9FA3ADB2A3E68DA0076D776 /* Models */ = {
			isa = PBXGroup;
			children = (
				A9FA3AFA2A3ECB720076D776 /* Models.swift */,
				A9FA3B262A406C130076D776 /* OnBoardingModel.swift */,
			);
			path = Models;
			sourceTree = "<group>";
		};
		A9FA3ADC2A3E68E90076D776 /* ViewModels */ = {
			isa = PBXGroup;
			children = (
				A9FA3AF52A3E85740076D776 /* GoogleAuthViewModel.swift */,
				A9FA3B392A4164A00076D776 /* OnBoardingViewModel.swift */,
				A9FA3B4C2A43A93E0076D776 /* QuizDetailViewModel.swift */,
				A9FA3B4E2A43C6120076D776 /* ContentViewModel.swift */,
			);
			path = ViewModels;
			sourceTree = "<group>";
		};
		A9FA3ADD2A3E68F50076D776 /* Views */ = {
			isa = PBXGroup;
			children = (
				A9FA3B0A2A3F23A50076D776 /* Components */,
				A9FA3B092A3F239C0076D776 /* MainViews */,
			);
			path = Views;
			sourceTree = "<group>";
		};
		A9FA3AE42A3E69DB0076D776 /* Manager */ = {
			isa = PBXGroup;
			children = (
				A9FA3B0F2A400FC80076D776 /* FireStore */,
				A9FA3B0E2A400FA50076D776 /* Authentication */,
			);
			path = Manager;
			sourceTree = "<group>";
		};
		A9FA3B092A3F239C0076D776 /* MainViews */ = {
			isa = PBXGroup;
			children = (
				A9FA3B302A40A3DD0076D776 /* Quiz */,
				A9FA3B162A4053D50076D776 /* OnBoarding */,
			);
			path = MainViews;
			sourceTree = "<group>";
		};
		A9FA3B0A2A3F23A50076D776 /* Components */ = {
			isa = PBXGroup;
			children = (
				A9FA3B1C2A405CAA0076D776 /* Assets */,
			);
			path = Components;
			sourceTree = "<group>";
		};
		A9FA3B0E2A400FA50076D776 /* Authentication */ = {
			isa = PBXGroup;
			children = (
				A9FA3AF32A3E85470076D776 /* Applicaiton_utility.swift */,
			);
			path = Authentication;
			sourceTree = "<group>";
		};
		A9FA3B0F2A400FC80076D776 /* FireStore */ = {
			isa = PBXGroup;
			children = (
				A9FA3AEB2A3E6A8A0076D776 /* FirestoreManager.swift */,
			);
			path = FireStore;
			sourceTree = "<group>";
		};
		A9FA3B162A4053D50076D776 /* OnBoarding */ = {
			isa = PBXGroup;
			children = (
				A9FA3B172A4054010076D776 /* SplashView.swift */,
				A9FA3B282A4073BB0076D776 /* OnBoardingView.swift */,
				A9FA3AFC2A3ECBBB0076D776 /* ContentView.swift */,
			);
			path = OnBoarding;
			sourceTree = "<group>";
		};
		A9FA3B1C2A405CAA0076D776 /* Assets */ = {
			isa = PBXGroup;
			children = (
				A9FA3B212A405E4F0076D776 /* Lottie */,
				A9FA3B1D2A405CC80076D776 /* Colors.swift */,
			);
			path = Assets;
			sourceTree = "<group>";
		};
		A9FA3B212A405E4F0076D776 /* Lottie */ = {
			isa = PBXGroup;
			children = (
				A9FA3B222A405EED0076D776 /* quiz.json */,
				A9FA3B2A2A407E480076D776 /* share.json */,
				A9FA3B2C2A407E4E0076D776 /* girl.json */,
				A9FA3B452A42B7D00076D776 /* online.json */,
				A9FA3B522A43CCDB0076D776 /* home.json */,
				A9FA3B352A411D990076D776 /* responsive.json */,
				A9FA3B1F2A405E320076D776 /* LottieView.swift */,
				A9FA3B242A405F360076D776 /* Constants.swift */,
			);
			path = Lottie;
			sourceTree = "<group>";
		};
		A9FA3B302A40A3DD0076D776 /* Quiz */ = {
			isa = PBXGroup;
			children = (
				A9FA3B3B2A418B560076D776 /* CreateQuizView.swift */,
				A9FA3B3D2A418D8B0076D776 /* MyQuizzesView.swift */,
				A9FA3B3F2A418D9E0076D776 /* JoinQuizView.swift */,
				A9FA3B412A418DE80076D776 /* QuizView.swift */,
				A9FA3B432A419B630076D776 /* QuizDetailView.swift */,
			);
			path = Quiz;
			sourceTree = "<group>";
		};
/* End PBXGroup section */

/* Begin PBXNativeTarget section */
		A9FA3AB72A3C9E560076D776 /* Estfham */ = {
			isa = PBXNativeTarget;
			buildConfigurationList = A9FA3AC62A3C9E570076D776 /* Build configuration list for PBXNativeTarget "Estfham" */;
			buildPhases = (
				A9FA3AB42A3C9E560076D776 /* Sources */,
				A9FA3AB52A3C9E560076D776 /* Frameworks */,
				A9FA3AB62A3C9E560076D776 /* Resources */,
			);
			buildRules = (
			);
			dependencies = (
			);
			name = Estfham;
			packageProductDependencies = (
				A9FA3ACA2A3C9E800076D776 /* GoogleSignIn */,
				A9FA3ACC2A3C9E800076D776 /* GoogleSignInSwift */,
				A9FA3ACF2A3C9EBF0076D776 /* FirebaseAnalytics */,
				A9FA3AD12A3C9EBF0076D776 /* FirebaseAuth */,
				A9FA3AD32A3C9EBF0076D776 /* FirebaseFirestore */,
				A9FA3AD52A3C9EBF0076D776 /* FirebaseFirestoreCombine-Community */,
				A9FA3AD72A3C9EBF0076D776 /* FirebaseFirestoreSwift */,
				A9FA3B1A2A405C1A0076D776 /* Lottie */,
				A9FA3B4A2A4356A20076D776 /* PopupView */,
			);
			productName = Estfham;
			productReference = A9FA3AB82A3C9E560076D776 /* Estfham.app */;
			productType = "com.apple.product-type.application";
		};
/* End PBXNativeTarget section */

/* Begin PBXProject section */
		A9FA3AB02A3C9E560076D776 /* Project object */ = {
			isa = PBXProject;
			attributes = {
				BuildIndependentTargetsInParallel = 1;
				LastSwiftUpdateCheck = 1430;
				LastUpgradeCheck = 1430;
				TargetAttributes = {
					A9FA3AB72A3C9E560076D776 = {
						CreatedOnToolsVersion = 14.3.1;
					};
				};
			};
			buildConfigurationList = A9FA3AB32A3C9E560076D776 /* Build configuration list for PBXProject "Estfham" */;
			compatibilityVersion = "Xcode 14.0";
			developmentRegion = en;
			hasScannedForEncodings = 0;
			knownRegions = (
				en,
				Base,
			);
			mainGroup = A9FA3AAF2A3C9E560076D776;
			packageReferences = (
				A9FA3AC92A3C9E800076D776 /* XCRemoteSwiftPackageReference "GoogleSignIn-iOS" */,
				A9FA3ACE2A3C9EBF0076D776 /* XCRemoteSwiftPackageReference "firebase-ios-sdk" */,
				A9FA3B192A405C1A0076D776 /* XCRemoteSwiftPackageReference "lottie-ios" */,
				A9FA3B492A4356A20076D776 /* XCRemoteSwiftPackageReference "PopupView" */,
			);
			productRefGroup = A9FA3AB92A3C9E560076D776 /* Products */;
			projectDirPath = "";
			projectRoot = "";
			targets = (
				A9FA3AB72A3C9E560076D776 /* Estfham */,
			);
		};
/* End PBXProject section */

/* Begin PBXResourcesBuildPhase section */
		A9FA3AB62A3C9E560076D776 /* Resources */ = {
			isa = PBXResourcesBuildPhase;
			buildActionMask = 2147483647;
			files = (
				A9FA3B2B2A407E480076D776 /* share.json in Resources */,
				A9FA3B532A43CCDB0076D776 /* home.json in Resources */,
				A9FA3B2D2A407E4E0076D776 /* girl.json in Resources */,
				A9FA3B462A42B7D00076D776 /* online.json in Resources */,
				A9FA3AC32A3C9E570076D776 /* Preview Assets.xcassets in Resources */,
				A9FA3B362A411D990076D776 /* responsive.json in Resources */,
				A9FA3AC02A3C9E570076D776 /* Assets.xcassets in Resources */,
				A9FA3B232A405EED0076D776 /* quiz.json in Resources */,
				A9FA3ADA2A3D62FF0076D776 /* GoogleService-Info.plist in Resources */,
			);
			runOnlyForDeploymentPostprocessing = 0;
		};
/* End PBXResourcesBuildPhase section */

/* Begin PBXSourcesBuildPhase section */
		A9FA3AB42A3C9E560076D776 /* Sources */ = {
			isa = PBXSourcesBuildPhase;
			buildActionMask = 2147483647;
			files = (
				A9FA3B4D2A43A93E0076D776 /* QuizDetailViewModel.swift in Sources */,
				A9FA3B272A406C130076D776 /* OnBoardingModel.swift in Sources */,
				A9FA3B402A418D9E0076D776 /* JoinQuizView.swift in Sources */,
				A9FA3B292A4073BB0076D776 /* OnBoardingView.swift in Sources */,
				A9FA3B202A405E320076D776 /* LottieView.swift in Sources */,
				A9FA3B442A419B630076D776 /* QuizDetailView.swift in Sources */,
				A9FA3AFD2A3ECBBB0076D776 /* ContentView.swift in Sources */,
				A9FA3B1E2A405CC80076D776 /* Colors.swift in Sources */,
				A9FA3B3C2A418B560076D776 /* CreateQuizView.swift in Sources */,
				A9FA3AF42A3E85470076D776 /* Applicaiton_utility.swift in Sources */,
				A9FA3B252A405F360076D776 /* Constants.swift in Sources */,
				A9FA3B3A2A4164A00076D776 /* OnBoardingViewModel.swift in Sources */,
				A9FA3AEC2A3E6A8A0076D776 /* FirestoreManager.swift in Sources */,
				A9FA3B3E2A418D8B0076D776 /* MyQuizzesView.swift in Sources */,
				A9FA3AF62A3E85740076D776 /* GoogleAuthViewModel.swift in Sources */,
				A9FA3ABC2A3C9E560076D776 /* EstfhamApp.swift in Sources */,
				A9FA3B4F2A43C6120076D776 /* ContentViewModel.swift in Sources */,
				A9FA3AFB2A3ECB720076D776 /* Models.swift in Sources */,
				A9FA3B422A418DE80076D776 /* QuizView.swift in Sources */,
				A9FA3B182A4054010076D776 /* SplashView.swift in Sources */,
			);
			runOnlyForDeploymentPostprocessing = 0;
		};
/* End PBXSourcesBuildPhase section */

/* Begin XCBuildConfiguration section */
		A9FA3AC42A3C9E570076D776 /* Debug */ = {
			isa = XCBuildConfiguration;
			buildSettings = {
				ALWAYS_SEARCH_USER_PATHS = NO;
				CLANG_ANALYZER_NONNULL = YES;
				CLANG_ANALYZER_NUMBER_OBJECT_CONVERSION = YES_AGGRESSIVE;
				CLANG_CXX_LANGUAGE_STANDARD = "gnu++20";
				CLANG_ENABLE_MODULES = YES;
				CLANG_ENABLE_OBJC_ARC = YES;
				CLANG_ENABLE_OBJC_WEAK = YES;
				CLANG_WARN_BLOCK_CAPTURE_AUTORELEASING = YES;
				CLANG_WARN_BOOL_CONVERSION = YES;
				CLANG_WARN_COMMA = YES;
				CLANG_WARN_CONSTANT_CONVERSION = YES;
				CLANG_WARN_DEPRECATED_OBJC_IMPLEMENTATIONS = YES;
				CLANG_WARN_DIRECT_OBJC_ISA_USAGE = YES_ERROR;
				CLANG_WARN_DOCUMENTATION_COMMENTS = YES;
				CLANG_WARN_EMPTY_BODY = YES;
				CLANG_WARN_ENUM_CONVERSION = YES;
				CLANG_WARN_INFINITE_RECURSION = YES;
				CLANG_WARN_INT_CONVERSION = YES;
				CLANG_WARN_NON_LITERAL_NULL_CONVERSION = YES;
				CLANG_WARN_OBJC_IMPLICIT_RETAIN_SELF = YES;
				CLANG_WARN_OBJC_LITERAL_CONVERSION = YES;
				CLANG_WARN_OBJC_ROOT_CLASS = YES_ERROR;
				CLANG_WARN_QUOTED_INCLUDE_IN_FRAMEWORK_HEADER = YES;
				CLANG_WARN_RANGE_LOOP_ANALYSIS = YES;
				CLANG_WARN_STRICT_PROTOTYPES = YES;
				CLANG_WARN_SUSPICIOUS_MOVE = YES;
				CLANG_WARN_UNGUARDED_AVAILABILITY = YES_AGGRESSIVE;
				CLANG_WARN_UNREACHABLE_CODE = YES;
				CLANG_WARN__DUPLICATE_METHOD_MATCH = YES;
				COPY_PHASE_STRIP = NO;
				DEBUG_INFORMATION_FORMAT = dwarf;
				ENABLE_STRICT_OBJC_MSGSEND = YES;
				ENABLE_TESTABILITY = YES;
				GCC_C_LANGUAGE_STANDARD = gnu11;
				GCC_DYNAMIC_NO_PIC = NO;
				GCC_NO_COMMON_BLOCKS = YES;
				GCC_OPTIMIZATION_LEVEL = 0;
				GCC_PREPROCESSOR_DEFINITIONS = (
					"DEBUG=1",
					"$(inherited)",
				);
				GCC_WARN_64_TO_32_BIT_CONVERSION = YES;
				GCC_WARN_ABOUT_RETURN_TYPE = YES_ERROR;
				GCC_WARN_UNDECLARED_SELECTOR = YES;
				GCC_WARN_UNINITIALIZED_AUTOS = YES_AGGRESSIVE;
				GCC_WARN_UNUSED_FUNCTION = YES;
				GCC_WARN_UNUSED_VARIABLE = YES;
				IPHONEOS_DEPLOYMENT_TARGET = 16.4;
				MTL_ENABLE_DEBUG_INFO = INCLUDE_SOURCE;
				MTL_FAST_MATH = YES;
				ONLY_ACTIVE_ARCH = YES;
				SDKROOT = iphoneos;
				SWIFT_ACTIVE_COMPILATION_CONDITIONS = DEBUG;
				SWIFT_OPTIMIZATION_LEVEL = "-Onone";
			};
			name = Debug;
		};
		A9FA3AC52A3C9E570076D776 /* Release */ = {
			isa = XCBuildConfiguration;
			buildSettings = {
				ALWAYS_SEARCH_USER_PATHS = NO;
				CLANG_ANALYZER_NONNULL = YES;
				CLANG_ANALYZER_NUMBER_OBJECT_CONVERSION = YES_AGGRESSIVE;
				CLANG_CXX_LANGUAGE_STANDARD = "gnu++20";
				CLANG_ENABLE_MODULES = YES;
				CLANG_ENABLE_OBJC_ARC = YES;
				CLANG_ENABLE_OBJC_WEAK = YES;
				CLANG_WARN_BLOCK_CAPTURE_AUTORELEASING = YES;
				CLANG_WARN_BOOL_CONVERSION = YES;
				CLANG_WARN_COMMA = YES;
				CLANG_WARN_CONSTANT_CONVERSION = YES;
				CLANG_WARN_DEPRECATED_OBJC_IMPLEMENTATIONS = YES;
				CLANG_WARN_DIRECT_OBJC_ISA_USAGE = YES_ERROR;
				CLANG_WARN_DOCUMENTATION_COMMENTS = YES;
				CLANG_WARN_EMPTY_BODY = YES;
				CLANG_WARN_ENUM_CONVERSION = YES;
				CLANG_WARN_INFINITE_RECURSION = YES;
				CLANG_WARN_INT_CONVERSION = YES;
				CLANG_WARN_NON_LITERAL_NULL_CONVERSION = YES;
				CLANG_WARN_OBJC_IMPLICIT_RETAIN_SELF = YES;
				CLANG_WARN_OBJC_LITERAL_CONVERSION = YES;
				CLANG_WARN_OBJC_ROOT_CLASS = YES_ERROR;
				CLANG_WARN_QUOTED_INCLUDE_IN_FRAMEWORK_HEADER = YES;
				CLANG_WARN_RANGE_LOOP_ANALYSIS = YES;
				CLANG_WARN_STRICT_PROTOTYPES = YES;
				CLANG_WARN_SUSPICIOUS_MOVE = YES;
				CLANG_WARN_UNGUARDED_AVAILABILITY = YES_AGGRESSIVE;
				CLANG_WARN_UNREACHABLE_CODE = YES;
				CLANG_WARN__DUPLICATE_METHOD_MATCH = YES;
				COPY_PHASE_STRIP = NO;
				DEBUG_INFORMATION_FORMAT = "dwarf-with-dsym";
				ENABLE_NS_ASSERTIONS = NO;
				ENABLE_STRICT_OBJC_MSGSEND = YES;
				GCC_C_LANGUAGE_STANDARD = gnu11;
				GCC_NO_COMMON_BLOCKS = YES;
				GCC_WARN_64_TO_32_BIT_CONVERSION = YES;
				GCC_WARN_ABOUT_RETURN_TYPE = YES_ERROR;
				GCC_WARN_UNDECLARED_SELECTOR = YES;
				GCC_WARN_UNINITIALIZED_AUTOS = YES_AGGRESSIVE;
				GCC_WARN_UNUSED_FUNCTION = YES;
				GCC_WARN_UNUSED_VARIABLE = YES;
				IPHONEOS_DEPLOYMENT_TARGET = 16.4;
				MTL_ENABLE_DEBUG_INFO = NO;
				MTL_FAST_MATH = YES;
				SDKROOT = iphoneos;
				SWIFT_COMPILATION_MODE = wholemodule;
				SWIFT_OPTIMIZATION_LEVEL = "-O";
				VALIDATE_PRODUCT = YES;
			};
			name = Release;
		};
		A9FA3AC72A3C9E570076D776 /* Debug */ = {
			isa = XCBuildConfiguration;
			buildSettings = {
				ASSETCATALOG_COMPILER_APPICON_NAME = AppIcon;
				ASSETCATALOG_COMPILER_GLOBAL_ACCENT_COLOR_NAME = AccentColor;
				CODE_SIGN_STYLE = Automatic;
				CURRENT_PROJECT_VERSION = 1;
				DEVELOPMENT_ASSET_PATHS = "\"Estfham/Preview Content\"";
				DEVELOPMENT_TEAM = 4MV2XTA97J;
				ENABLE_PREVIEWS = YES;
				GENERATE_INFOPLIST_FILE = YES;
				INFOPLIST_FILE = Estfham/Info.plist;
				INFOPLIST_KEY_NSLocalNetworkUsageDescription = "We Need your data to discover nearby devices";
				INFOPLIST_KEY_UIApplicationSceneManifest_Generation = YES;
				INFOPLIST_KEY_UIApplicationSupportsIndirectInputEvents = YES;
				INFOPLIST_KEY_UILaunchScreen_Generation = YES;
				INFOPLIST_KEY_UISupportedInterfaceOrientations_iPad = "UIInterfaceOrientationPortrait UIInterfaceOrientationPortraitUpsideDown UIInterfaceOrientationLandscapeLeft UIInterfaceOrientationLandscapeRight";
				INFOPLIST_KEY_UISupportedInterfaceOrientations_iPhone = "UIInterfaceOrientationPortrait UIInterfaceOrientationLandscapeLeft UIInterfaceOrientationLandscapeRight";
				LD_RUNPATH_SEARCH_PATHS = (
					"$(inherited)",
					"@executable_path/Frameworks",
				);
				MARKETING_VERSION = 1.0;
				PRODUCT_BUNDLE_IDENTIFIER = com.Lemon.Estfham;
				PRODUCT_NAME = "$(TARGET_NAME)";
				SWIFT_EMIT_LOC_STRINGS = YES;
				SWIFT_VERSION = 5.0;
				TARGETED_DEVICE_FAMILY = "1,2";
			};
			name = Debug;
		};
		A9FA3AC82A3C9E570076D776 /* Release */ = {
			isa = XCBuildConfiguration;
			buildSettings = {
				ASSETCATALOG_COMPILER_APPICON_NAME = AppIcon;
				ASSETCATALOG_COMPILER_GLOBAL_ACCENT_COLOR_NAME = AccentColor;
				CODE_SIGN_STYLE = Automatic;
				CURRENT_PROJECT_VERSION = 1;
				DEVELOPMENT_ASSET_PATHS = "\"Estfham/Preview Content\"";
				DEVELOPMENT_TEAM = 4MV2XTA97J;
				ENABLE_PREVIEWS = YES;
				GENERATE_INFOPLIST_FILE = YES;
				INFOPLIST_FILE = Estfham/Info.plist;
				INFOPLIST_KEY_NSLocalNetworkUsageDescription = "We Need your data to discover nearby devices";
				INFOPLIST_KEY_UIApplicationSceneManifest_Generation = YES;
				INFOPLIST_KEY_UIApplicationSupportsIndirectInputEvents = YES;
				INFOPLIST_KEY_UILaunchScreen_Generation = YES;
				INFOPLIST_KEY_UISupportedInterfaceOrientations_iPad = "UIInterfaceOrientationPortrait UIInterfaceOrientationPortraitUpsideDown UIInterfaceOrientationLandscapeLeft UIInterfaceOrientationLandscapeRight";
				INFOPLIST_KEY_UISupportedInterfaceOrientations_iPhone = "UIInterfaceOrientationPortrait UIInterfaceOrientationLandscapeLeft UIInterfaceOrientationLandscapeRight";
				LD_RUNPATH_SEARCH_PATHS = (
					"$(inherited)",
					"@executable_path/Frameworks",
				);
				MARKETING_VERSION = 1.0;
				PRODUCT_BUNDLE_IDENTIFIER = com.Lemon.Estfham;
				PRODUCT_NAME = "$(TARGET_NAME)";
				SWIFT_EMIT_LOC_STRINGS = YES;
				SWIFT_VERSION = 5.0;
				TARGETED_DEVICE_FAMILY = "1,2";
			};
			name = Release;
		};
/* End XCBuildConfiguration section */

/* Begin XCConfigurationList section */
		A9FA3AB32A3C9E560076D776 /* Build configuration list for PBXProject "Estfham" */ = {
			isa = XCConfigurationList;
			buildConfigurations = (
				A9FA3AC42A3C9E570076D776 /* Debug */,
				A9FA3AC52A3C9E570076D776 /* Release */,
			);
			defaultConfigurationIsVisible = 0;
			defaultConfigurationName = Release;
		};
		A9FA3AC62A3C9E570076D776 /* Build configuration list for PBXNativeTarget "Estfham" */ = {
			isa = XCConfigurationList;
			buildConfigurations = (
				A9FA3AC72A3C9E570076D776 /* Debug */,
				A9FA3AC82A3C9E570076D776 /* Release */,
			);
			defaultConfigurationIsVisible = 0;
			defaultConfigurationName = Release;
		};
/* End XCConfigurationList section */

/* Begin XCRemoteSwiftPackageReference section */
		A9FA3AC92A3C9E800076D776 /* XCRemoteSwiftPackageReference "GoogleSignIn-iOS" */ = {
			isa = XCRemoteSwiftPackageReference;
			repositoryURL = "https://github.com/google/GoogleSignIn-iOS.git";
			requirement = {
				kind = upToNextMajorVersion;
				minimumVersion = 7.0.0;
			};
		};
		A9FA3ACE2A3C9EBF0076D776 /* XCRemoteSwiftPackageReference "firebase-ios-sdk" */ = {
			isa = XCRemoteSwiftPackageReference;
			repositoryURL = "https://github.com/firebase/firebase-ios-sdk.git";
			requirement = {
				kind = upToNextMajorVersion;
				minimumVersion = 10.0.0;
			};
		};
		A9FA3B192A405C1A0076D776 /* XCRemoteSwiftPackageReference "lottie-ios" */ = {
			isa = XCRemoteSwiftPackageReference;
			repositoryURL = "https://github.com/airbnb/lottie-ios";
			requirement = {
				kind = upToNextMajorVersion;
				minimumVersion = 4.0.0;
			};
		};
		A9FA3B492A4356A20076D776 /* XCRemoteSwiftPackageReference "PopupView" */ = {
			isa = XCRemoteSwiftPackageReference;
			repositoryURL = "https://github.com/exyte/PopupView";
			requirement = {
				kind = upToNextMajorVersion;
				minimumVersion = 2.0.0;
			};
		};
/* End XCRemoteSwiftPackageReference section */

/* Begin XCSwiftPackageProductDependency section */
		A9FA3ACA2A3C9E800076D776 /* GoogleSignIn */ = {
			isa = XCSwiftPackageProductDependency;
			package = A9FA3AC92A3C9E800076D776 /* XCRemoteSwiftPackageReference "GoogleSignIn-iOS" */;
			productName = GoogleSignIn;
		};
		A9FA3ACC2A3C9E800076D776 /* GoogleSignInSwift */ = {
			isa = XCSwiftPackageProductDependency;
			package = A9FA3AC92A3C9E800076D776 /* XCRemoteSwiftPackageReference "GoogleSignIn-iOS" */;
			productName = GoogleSignInSwift;
		};
		A9FA3ACF2A3C9EBF0076D776 /* FirebaseAnalytics */ = {
			isa = XCSwiftPackageProductDependency;
			package = A9FA3ACE2A3C9EBF0076D776 /* XCRemoteSwiftPackageReference "firebase-ios-sdk" */;
			productName = FirebaseAnalytics;
		};
		A9FA3AD12A3C9EBF0076D776 /* FirebaseAuth */ = {
			isa = XCSwiftPackageProductDependency;
			package = A9FA3ACE2A3C9EBF0076D776 /* XCRemoteSwiftPackageReference "firebase-ios-sdk" */;
			productName = FirebaseAuth;
		};
		A9FA3AD32A3C9EBF0076D776 /* FirebaseFirestore */ = {
			isa = XCSwiftPackageProductDependency;
			package = A9FA3ACE2A3C9EBF0076D776 /* XCRemoteSwiftPackageReference "firebase-ios-sdk" */;
			productName = FirebaseFirestore;
		};
		A9FA3AD52A3C9EBF0076D776 /* FirebaseFirestoreCombine-Community */ = {
			isa = XCSwiftPackageProductDependency;
			package = A9FA3ACE2A3C9EBF0076D776 /* XCRemoteSwiftPackageReference "firebase-ios-sdk" */;
			productName = "FirebaseFirestoreCombine-Community";
		};
		A9FA3AD72A3C9EBF0076D776 /* FirebaseFirestoreSwift */ = {
			isa = XCSwiftPackageProductDependency;
			package = A9FA3ACE2A3C9EBF0076D776 /* XCRemoteSwiftPackageReference "firebase-ios-sdk" */;
			productName = FirebaseFirestoreSwift;
		};
		A9FA3B1A2A405C1A0076D776 /* Lottie */ = {
			isa = XCSwiftPackageProductDependency;
			package = A9FA3B192A405C1A0076D776 /* XCRemoteSwiftPackageReference "lottie-ios" */;
			productName = Lottie;
		};
		A9FA3B4A2A4356A20076D776 /* PopupView */ = {
			isa = XCSwiftPackageProductDependency;
			package = A9FA3B492A4356A20076D776 /* XCRemoteSwiftPackageReference "PopupView" */;
			productName = PopupView;
		};
/* End XCSwiftPackageProductDependency section */
	};
	rootObject = A9FA3AB02A3C9E560076D776 /* Project object */;
}
